{
  "name": "sussy-util",
  "version": "1.10.0-dev-2.1.4",
  "lockfileVersion": 2,
  "requires": true,
  "packages": {
    "": {
      "name": "sussy-util",
      "version": "1.10.0-dev-2.1.4",
      "license": "GPL-3.0",
      "devDependencies": {
        "@types/node": "^18.14.2"
      },
      "engines": {
        "node": ">=10",
        "pnpm": ">=3"
      }
    },
    "node_modules/@types/node": {
      "version": "18.15.0",
      "resolved": "https://registry.npmjs.org/@types/node/-/node-18.15.0.tgz",
      "integrity": "sha512-z6nr0TTEOBGkzLGmbypWOGnpSpSIBorEhC4L+4HeQ2iezKCi4f77kyslRwvHeNitymGQ+oFyIWGP96l/DPSV9w==",
      "dev": true
    }
  },
  "dependencies": {
    "@types/node": {
      "version": "18.15.0",
      "resolved": "https://registry.npmjs.org/@types/node/-/node-18.15.0.tgz",
      "integrity": "sha512-z6nr0TTEOBGkzLGmbypWOGnpSpSIBorEhC4L+4HeQ2iezKCi4f77kyslRwvHeNitymGQ+oFyIWGP96l/DPSV9w==",
      "dev": true
    }
  }
}
