{
  "name": "sussy-util",
  "version": "10.1.1",
  "lockfileVersion": 2,
  "requires": true,
  "packages": {
    "": {
      "name": "sussy-util",
      "version": "10.1.1",
      "license": "GPL-3.0",
      "devDependencies": {
        "@types/node": "^20.1.4"
      }
    },
    "node_modules/@types/node": {
      "version": "20.1.4",
      "resolved": "https://registry.npmjs.org/@types/node/-/node-20.1.4.tgz",
      "integrity": "sha512-At4pvmIOki8yuwLtd7BNHl3CiWNbtclUbNtScGx4OHfBd4/oWoJC8KRCIxXwkdndzhxOsPXihrsOoydxBjlE9Q==",
      "dev": true
    }
  },
  "dependencies": {
    "@types/node": {
      "version": "20.1.4",
      "resolved": "https://registry.npmjs.org/@types/node/-/node-20.1.4.tgz",
      "integrity": "sha512-At4pvmIOki8yuwLtd7BNHl3CiWNbtclUbNtScGx4OHfBd4/oWoJC8KRCIxXwkdndzhxOsPXihrsOoydxBjlE9Q==",
      "dev": true
    }
  }
}
